// !$*UTF8*$!
{
	archiveVersion = 1;
	classes = {
	};
	objectVersion = 51;
	objects = {

/* Begin PBXBuildFile section */
		386A8B8F030FB09B341EAFA5 /* Pods_BraintreePayPalIntegration.framework in Frameworks */ = {isa = PBXBuildFile; fileRef = DB7676A7B8FA603BB109FA20 /* Pods_BraintreePayPalIntegration.framework */; };
		421FF3AE25BB969A00222E17 /* BraintreePayPalIntegrationApp.swift in Sources */ = {isa = PBXBuildFile; fileRef = 421FF3AD25BB969A00222E17 /* BraintreePayPalIntegrationApp.swift */; };
		421FF3B025BB969A00222E17 /* ContentView.swift in Sources */ = {isa = PBXBuildFile; fileRef = 421FF3AF25BB969A00222E17 /* ContentView.swift */; };
		421FF3B225BB969B00222E17 /* Assets.xcassets in Resources */ = {isa = PBXBuildFile; fileRef = 421FF3B125BB969B00222E17 /* Assets.xcassets */; };
		421FF3B525BB969B00222E17 /* Preview Assets.xcassets in Resources */ = {isa = PBXBuildFile; fileRef = 421FF3B425BB969B00222E17 /* Preview Assets.xcassets */; };
		421FF3C625BB972400222E17 /* PayPalViewController.swift in Sources */ = {isa = PBXBuildFile; fileRef = 421FF3C525BB972400222E17 /* PayPalViewController.swift */; };
		421FF3C925BB97E500222E17 /* PayPalDesign.storyboard in Resources */ = {isa = PBXBuildFile; fileRef = 421FF3C825BB97E500222E17 /* PayPalDesign.storyboard */; };
		421FF3CC25BB982100222E17 /* PayPalHandler.swift in Sources */ = {isa = PBXBuildFile; fileRef = 421FF3CB25BB982100222E17 /* PayPalHandler.swift */; };
/* End PBXBuildFile section */

/* Begin PBXFileReference section */
		06D3371A096BB11426D9204D /* Pods-BraintreePayPalIntegration.release.xcconfig */ = {isa = PBXFileReference; includeInIndex = 1; lastKnownFileType = text.xcconfig; name = "Pods-BraintreePayPalIntegration.release.xcconfig"; path = "Target Support Files/Pods-BraintreePayPalIntegration/Pods-BraintreePayPalIntegration.release.xcconfig"; sourceTree = "<group>"; };
		421FF3AA25BB969A00222E17 /* BraintreePayPalIntegration.app */ = {isa = PBXFileReference; explicitFileType = wrapper.application; includeInIndex = 0; path = BraintreePayPalIntegration.app; sourceTree = BUILT_PRODUCTS_DIR; };
		421FF3AD25BB969A00222E17 /* BraintreePayPalIntegrationApp.swift */ = {isa = PBXFileReference; lastKnownFileType = sourcecode.swift; path = BraintreePayPalIntegrationApp.swift; sourceTree = "<group>"; };
		421FF3AF25BB969A00222E17 /* ContentView.swift */ = {isa = PBXFileReference; lastKnownFileType = sourcecode.swift; path = ContentView.swift; sourceTree = "<group>"; };
		421FF3B125BB969B00222E17 /* Assets.xcassets */ = {isa = PBXFileReference; lastKnownFileType = folder.assetcatalog; path = Assets.xcassets; sourceTree = "<group>"; };
		421FF3B425BB969B00222E17 /* Preview Assets.xcassets */ = {isa = PBXFileReference; lastKnownFileType = folder.assetcatalog; path = "Preview Assets.xcassets"; sourceTree = "<group>"; };
		421FF3B625BB969B00222E17 /* Info.plist */ = {isa = PBXFileReference; lastKnownFileType = text.plist.xml; path = Info.plist; sourceTree = "<group>"; };
		421FF3C525BB972400222E17 /* PayPalViewController.swift */ = {isa = PBXFileReference; lastKnownFileType = sourcecode.swift; path = PayPalViewController.swift; sourceTree = "<group>"; };
		421FF3C825BB97E500222E17 /* PayPalDesign.storyboard */ = {isa = PBXFileReference; lastKnownFileType = file.storyboard; path = PayPalDesign.storyboard; sourceTree = "<group>"; };
		421FF3CB25BB982100222E17 /* PayPalHandler.swift */ = {isa = PBXFileReference; lastKnownFileType = sourcecode.swift; path = PayPalHandler.swift; sourceTree = "<group>"; };
		DB7676A7B8FA603BB109FA20 /* Pods_BraintreePayPalIntegration.framework */ = {isa = PBXFileReference; explicitFileType = wrapper.framework; includeInIndex = 0; path = Pods_BraintreePayPalIntegration.framework; sourceTree = BUILT_PRODUCTS_DIR; };
		FCBFAF2EC8FE00E3809727DD /* Pods-BraintreePayPalIntegration.debug.xcconfig */ = {isa = PBXFileReference; includeInIndex = 1; lastKnownFileType = text.xcconfig; name = "Pods-BraintreePayPalIntegration.debug.xcconfig"; path = "Target Support Files/Pods-BraintreePayPalIntegration/Pods-BraintreePayPalIntegration.debug.xcconfig"; sourceTree = "<group>"; };
/* End PBXFileReference section */

/* Begin PBXFrameworksBuildPhase section */
		421FF3A725BB969A00222E17 /* Frameworks */ = {
			isa = PBXFrameworksBuildPhase;
			buildActionMask = 2147483647;
			files = (
				386A8B8F030FB09B341EAFA5 /* Pods_BraintreePayPalIntegration.framework in Frameworks */,
			);
			runOnlyForDeploymentPostprocessing = 0;
		};
/* End PBXFrameworksBuildPhase section */

/* Begin PBXGroup section */
		2FD64072E83DFE280DA97057 /* Frameworks */ = {
			isa = PBXGroup;
			children = (
				DB7676A7B8FA603BB109FA20 /* Pods_BraintreePayPalIntegration.framework */,
			);
			name = Frameworks;
			sourceTree = "<group>";
		};
		421FF3A125BB969A00222E17 = {
			isa = PBXGroup;
			children = (
				421FF3AC25BB969A00222E17 /* BraintreePayPalIntegration */,
				421FF3AB25BB969A00222E17 /* Products */,
				F864B246BA58CFB3A0D59386 /* Pods */,
				2FD64072E83DFE280DA97057 /* Frameworks */,
			);
			sourceTree = "<group>";
		};
		421FF3AB25BB969A00222E17 /* Products */ = {
			isa = PBXGroup;
			children = (
				421FF3AA25BB969A00222E17 /* BraintreePayPalIntegration.app */,
			);
			name = Products;
			sourceTree = "<group>";
		};
		421FF3AC25BB969A00222E17 /* BraintreePayPalIntegration */ = {
			isa = PBXGroup;
			children = (
				421FF3C225BB970E00222E17 /* PayPal */,
				421FF3AD25BB969A00222E17 /* BraintreePayPalIntegrationApp.swift */,
				421FF3AF25BB969A00222E17 /* ContentView.swift */,
				421FF3B125BB969B00222E17 /* Assets.xcassets */,
				421FF3B625BB969B00222E17 /* Info.plist */,
				421FF3B325BB969B00222E17 /* Preview Content */,
			);
			path = BraintreePayPalIntegration;
			sourceTree = "<group>";
		};
		421FF3B325BB969B00222E17 /* Preview Content */ = {
			isa = PBXGroup;
			children = (
				421FF3B425BB969B00222E17 /* Preview Assets.xcassets */,
			);
			path = "Preview Content";
			sourceTree = "<group>";
		};
		421FF3C225BB970E00222E17 /* PayPal */ = {
			isa = PBXGroup;
			children = (
				421FF3C525BB972400222E17 /* PayPalViewController.swift */,
				421FF3C825BB97E500222E17 /* PayPalDesign.storyboard */,
				421FF3CB25BB982100222E17 /* PayPalHandler.swift */,
			);
			path = PayPal;
			sourceTree = "<group>";
		};
		F864B246BA58CFB3A0D59386 /* Pods */ = {
			isa = PBXGroup;
			children = (
				FCBFAF2EC8FE00E3809727DD /* Pods-BraintreePayPalIntegration.debug.xcconfig */,
				06D3371A096BB11426D9204D /* Pods-BraintreePayPalIntegration.release.xcconfig */,
			);
			path = Pods;
			sourceTree = "<group>";
		};
/* End PBXGroup section */

/* Begin PBXNativeTarget section */
		421FF3A925BB969A00222E17 /* BraintreePayPalIntegration */ = {
			isa = PBXNativeTarget;
			buildConfigurationList = 421FF3B925BB969B00222E17 /* Build configuration list for PBXNativeTarget "BraintreePayPalIntegration" */;
			buildPhases = (
				C55C90E2B7FE7DBEA2787DE4 /* [CP] Check Pods Manifest.lock */,
				421FF3A625BB969A00222E17 /* Sources */,
				421FF3A725BB969A00222E17 /* Frameworks */,
				421FF3A825BB969A00222E17 /* Resources */,
				F2190F82D0347DA0BFC53D7E /* [CP] Embed Pods Frameworks */,
			);
			buildRules = (
			);
			dependencies = (
			);
			name = BraintreePayPalIntegration;
			productName = BraintreePayPalIntegration;
			productReference = 421FF3AA25BB969A00222E17 /* BraintreePayPalIntegration.app */;
			productType = "com.apple.product-type.application";
		};
/* End PBXNativeTarget section */

/* Begin PBXProject section */
		421FF3A225BB969A00222E17 /* Project object */ = {
			isa = PBXProject;
			attributes = {
				LastSwiftUpdateCheck = 1230;
				LastUpgradeCheck = 1230;
				TargetAttributes = {
					421FF3A925BB969A00222E17 = {
						CreatedOnToolsVersion = 12.3;
					};
				};
			};
			buildConfigurationList = 421FF3A525BB969A00222E17 /* Build configuration list for PBXProject "BraintreePayPalIntegration" */;
			compatibilityVersion = "Xcode 9.3";
			developmentRegion = en;
			hasScannedForEncodings = 0;
			knownRegions = (
				en,
				Base,
			);
			mainGroup = 421FF3A125BB969A00222E17;
			productRefGroup = 421FF3AB25BB969A00222E17 /* Products */;
			projectDirPath = "";
			projectRoot = "";
			targets = (
				421FF3A925BB969A00222E17 /* BraintreePayPalIntegration */,
			);
		};
/* End PBXProject section */

/* Begin PBXResourcesBuildPhase section */
		421FF3A825BB969A00222E17 /* Resources */ = {
			isa = PBXResourcesBuildPhase;
			buildActionMask = 2147483647;
			files = (
				421FF3B525BB969B00222E17 /* Preview Assets.xcassets in Resources */,
				421FF3C925BB97E500222E17 /* PayPalDesign.storyboard in Resources */,
				421FF3B225BB969B00222E17 /* Assets.xcassets in Resources */,
			);
			runOnlyForDeploymentPostprocessing = 0;
		};
/* End PBXResourcesBuildPhase section */

/* Begin PBXShellScriptBuildPhase section */
		C55C90E2B7FE7DBEA2787DE4 /* [CP] Check Pods Manifest.lock */ = {
			isa = PBXShellScriptBuildPhase;
			buildActionMask = 2147483647;
			files = (
			);
			inputFileListPaths = (
			);
			inputPaths = (
				"${PODS_PODFILE_DIR_PATH}/Podfile.lock",
				"${PODS_ROOT}/Manifest.lock",
			);
			name = "[CP] Check Pods Manifest.lock";
			outputFileListPaths = (
			);
			outputPaths = (
				"$(DERIVED_FILE_DIR)/Pods-BraintreePayPalIntegration-checkManifestLockResult.txt",
			);
			runOnlyForDeploymentPostprocessing = 0;
			shellPath = /bin/sh;
			shellScript = "diff \"${PODS_PODFILE_DIR_PATH}/Podfile.lock\" \"${PODS_ROOT}/Manifest.lock\" > /dev/null\nif [ $? != 0 ] ; then\n    # print error to STDERR\n    echo \"error: The sandbox is not in sync with the Podfile.lock. Run 'pod install' or update your CocoaPods installation.\" >&2\n    exit 1\nfi\n# This output is used by Xcode 'outputs' to avoid re-running this script phase.\necho \"SUCCESS\" > \"${SCRIPT_OUTPUT_FILE_0}\"\n";
			showEnvVarsInLog = 0;
		};
		F2190F82D0347DA0BFC53D7E /* [CP] Embed Pods Frameworks */ = {
			isa = PBXShellScriptBuildPhase;
			buildActionMask = 2147483647;
			files = (
			);
			inputFileListPaths = (
				"${PODS_ROOT}/Target Support Files/Pods-BraintreePayPalIntegration/Pods-BraintreePayPalIntegration-frameworks-${CONFIGURATION}-input-files.xcfilelist",
			);
			name = "[CP] Embed Pods Frameworks";
			outputFileListPaths = (
				"${PODS_ROOT}/Target Support Files/Pods-BraintreePayPalIntegration/Pods-BraintreePayPalIntegration-frameworks-${CONFIGURATION}-output-files.xcfilelist",
			);
			runOnlyForDeploymentPostprocessing = 0;
			shellPath = /bin/sh;
			shellScript = "\"${PODS_ROOT}/Target Support Files/Pods-BraintreePayPalIntegration/Pods-BraintreePayPalIntegration-frameworks.sh\"\n";
			showEnvVarsInLog = 0;
		};
/* End PBXShellScriptBuildPhase section */

/* Begin PBXSourcesBuildPhase section */
		421FF3A625BB969A00222E17 /* Sources */ = {
			isa = PBXSourcesBuildPhase;
			buildActionMask = 2147483647;
			files = (
				421FF3B025BB969A00222E17 /* ContentView.swift in Sources */,
				421FF3C625BB972400222E17 /* PayPalViewController.swift in Sources */,
				421FF3AE25BB969A00222E17 /* BraintreePayPalIntegrationApp.swift in Sources */,
				421FF3CC25BB982100222E17 /* PayPalHandler.swift in Sources */,
			);
			runOnlyForDeploymentPostprocessing = 0;
		};
/* End PBXSourcesBuildPhase section */

/* Begin XCBuildConfiguration section */
		421FF3B725BB969B00222E17 /* Debug */ = {
			isa = XCBuildConfiguration;
			buildSettings = {
				ALWAYS_SEARCH_USER_PATHS = NO;
				CLANG_ANALYZER_NONNULL = YES;
				CLANG_ANALYZER_NUMBER_OBJECT_CONVERSION = YES_AGGRESSIVE;
				CLANG_CXX_LANGUAGE_STANDARD = "gnu++14";
				CLANG_CXX_LIBRARY = "libc++";
				CLANG_ENABLE_MODULES = YES;
				CLANG_ENABLE_OBJC_ARC = YES;
				CLANG_ENABLE_OBJC_WEAK = YES;
				CLANG_WARN_BLOCK_CAPTURE_AUTORELEASING = YES;
				CLANG_WARN_BOOL_CONVERSION = YES;
				CLANG_WARN_COMMA = YES;
				CLANG_WARN_CONSTANT_CONVERSION = YES;
				CLANG_WARN_DEPRECATED_OBJC_IMPLEMENTATIONS = YES;
				CLANG_WARN_DIRECT_OBJC_ISA_USAGE = YES_ERROR;
				CLANG_WARN_DOCUMENTATION_COMMENTS = YES;
				CLANG_WARN_EMPTY_BODY = YES;
				CLANG_WARN_ENUM_CONVERSION = YES;
				CLANG_WARN_INFINITE_RECURSION = YES;
				CLANG_WARN_INT_CONVERSION = YES;
				CLANG_WARN_NON_LITERAL_NULL_CONVERSION = YES;
				CLANG_WARN_OBJC_IMPLICIT_RETAIN_SELF = YES;
				CLANG_WARN_OBJC_LITERAL_CONVERSION = YES;
				CLANG_WARN_OBJC_ROOT_CLASS = YES_ERROR;
				CLANG_WARN_QUOTED_INCLUDE_IN_FRAMEWORK_HEADER = YES;
				CLANG_WARN_RANGE_LOOP_ANALYSIS = YES;
				CLANG_WARN_STRICT_PROTOTYPES = YES;
				CLANG_WARN_SUSPICIOUS_MOVE = YES;
				CLANG_WARN_UNGUARDED_AVAILABILITY = YES_AGGRESSIVE;
				CLANG_WARN_UNREACHABLE_CODE = YES;
				CLANG_WARN__DUPLICATE_METHOD_MATCH = YES;
				COPY_PHASE_STRIP = NO;
				DEBUG_INFORMATION_FORMAT = dwarf;
				ENABLE_STRICT_OBJC_MSGSEND = YES;
				ENABLE_TESTABILITY = YES;
				GCC_C_LANGUAGE_STANDARD = gnu11;
				GCC_DYNAMIC_NO_PIC = NO;
				GCC_NO_COMMON_BLOCKS = YES;
				GCC_OPTIMIZATION_LEVEL = 0;
				GCC_PREPROCESSOR_DEFINITIONS = (
					"DEBUG=1",
					"$(inherited)",
				);
				GCC_WARN_64_TO_32_BIT_CONVERSION = YES;
				GCC_WARN_ABOUT_RETURN_TYPE = YES_ERROR;
				GCC_WARN_UNDECLARED_SELECTOR = YES;
				GCC_WARN_UNINITIALIZED_AUTOS = YES_AGGRESSIVE;
				GCC_WARN_UNUSED_FUNCTION = YES;
				GCC_WARN_UNUSED_VARIABLE = YES;
				IPHONEOS_DEPLOYMENT_TARGET = 14.3;
				MTL_ENABLE_DEBUG_INFO = INCLUDE_SOURCE;
				MTL_FAST_MATH = YES;
				ONLY_ACTIVE_ARCH = YES;
				SDKROOT = iphoneos;
				SWIFT_ACTIVE_COMPILATION_CONDITIONS = DEBUG;
				SWIFT_OPTIMIZATION_LEVEL = "-Onone";
			};
			name = Debug;
		};
		421FF3B825BB969B00222E17 /* Release */ = {
			isa = XCBuildConfiguration;
			buildSettings = {
				ALWAYS_SEARCH_USER_PATHS = NO;
				CLANG_ANALYZER_NONNULL = YES;
				CLANG_ANALYZER_NUMBER_OBJECT_CONVERSION = YES_AGGRESSIVE;
				CLANG_CXX_LANGUAGE_STANDARD = "gnu++14";
				CLANG_CXX_LIBRARY = "libc++";
				CLANG_ENABLE_MODULES = YES;
				CLANG_ENABLE_OBJC_ARC = YES;
				CLANG_ENABLE_OBJC_WEAK = YES;
				CLANG_WARN_BLOCK_CAPTURE_AUTORELEASING = YES;
				CLANG_WARN_BOOL_CONVERSION = YES;
				CLANG_WARN_COMMA = YES;
				CLANG_WARN_CONSTANT_CONVERSION = YES;
				CLANG_WARN_DEPRECATED_OBJC_IMPLEMENTATIONS = YES;
				CLANG_WARN_DIRECT_OBJC_ISA_USAGE = YES_ERROR;
				CLANG_WARN_DOCUMENTATION_COMMENTS = YES;
				CLANG_WARN_EMPTY_BODY = YES;
				CLANG_WARN_ENUM_CONVERSION = YES;
				CLANG_WARN_INFINITE_RECURSION = YES;
				CLANG_WARN_INT_CONVERSION = YES;
				CLANG_WARN_NON_LITERAL_NULL_CONVERSION = YES;
				CLANG_WARN_OBJC_IMPLICIT_RETAIN_SELF = YES;
				CLANG_WARN_OBJC_LITERAL_CONVERSION = YES;
				CLANG_WARN_OBJC_ROOT_CLASS = YES_ERROR;
				CLANG_WARN_QUOTED_INCLUDE_IN_FRAMEWORK_HEADER = YES;
				CLANG_WARN_RANGE_LOOP_ANALYSIS = YES;
				CLANG_WARN_STRICT_PROTOTYPES = YES;
				CLANG_WARN_SUSPICIOUS_MOVE = YES;
				CLANG_WARN_UNGUARDED_AVAILABILITY = YES_AGGRESSIVE;
				CLANG_WARN_UNREACHABLE_CODE = YES;
				CLANG_WARN__DUPLICATE_METHOD_MATCH = YES;
				COPY_PHASE_STRIP = NO;
				DEBUG_INFORMATION_FORMAT = "dwarf-with-dsym";
				ENABLE_NS_ASSERTIONS = NO;
				ENABLE_STRICT_OBJC_MSGSEND = YES;
				GCC_C_LANGUAGE_STANDARD = gnu11;
				GCC_NO_COMMON_BLOCKS = YES;
				GCC_WARN_64_TO_32_BIT_CONVERSION = YES;
				GCC_WARN_ABOUT_RETURN_TYPE = YES_ERROR;
				GCC_WARN_UNDECLARED_SELECTOR = YES;
				GCC_WARN_UNINITIALIZED_AUTOS = YES_AGGRESSIVE;
				GCC_WARN_UNUSED_FUNCTION = YES;
				GCC_WARN_UNUSED_VARIABLE = YES;
				IPHONEOS_DEPLOYMENT_TARGET = 14.3;
				MTL_ENABLE_DEBUG_INFO = NO;
				MTL_FAST_MATH = YES;
				SDKROOT = iphoneos;
				SWIFT_COMPILATION_MODE = wholemodule;
				SWIFT_OPTIMIZATION_LEVEL = "-O";
				VALIDATE_PRODUCT = YES;
			};
			name = Release;
		};
		421FF3BA25BB969B00222E17 /* Debug */ = {
			isa = XCBuildConfiguration;
			baseConfigurationReference = FCBFAF2EC8FE00E3809727DD /* Pods-BraintreePayPalIntegration.debug.xcconfig */;
			buildSettings = {
				ASSETCATALOG_COMPILER_APPICON_NAME = AppIcon;
				ASSETCATALOG_COMPILER_GLOBAL_ACCENT_COLOR_NAME = AccentColor;
				CODE_SIGN_STYLE = Automatic;
				DEVELOPMENT_ASSET_PATHS = "\"BraintreePayPalIntegration/Preview Content\"";
				DEVELOPMENT_TEAM = 34LWUFWP82;
				ENABLE_PREVIEWS = YES;
				INFOPLIST_FILE = BraintreePayPalIntegration/Info.plist;
				IPHONEOS_DEPLOYMENT_TARGET = 14.0;
				LD_RUNPATH_SEARCH_PATHS = (
					"$(inherited)",
					"@executable_path/Frameworks",
				);
				PRODUCT_BUNDLE_IDENTIFIER = mx.antonio.labra.BraintreePayPalIntegration;
				PRODUCT_NAME = "$(TARGET_NAME)";
				SWIFT_VERSION = 5.0;
				TARGETED_DEVICE_FAMILY = "1,2";
			};
			name = Debug;
		};
		421FF3BB25BB969B00222E17 /* Release */ = {
			isa = XCBuildConfiguration;
			baseConfigurationReference = 06D3371A096BB11426D9204D /* Pods-BraintreePayPalIntegration.release.xcconfig */;
			buildSettings = {
				ASSETCATALOG_COMPILER_APPICON_NAME = AppIcon;
				ASSETCATALOG_COMPILER_GLOBAL_ACCENT_COLOR_NAME = AccentColor;
				CODE_SIGN_STYLE = Automatic;
				DEVELOPMENT_ASSET_PATHS = "\"BraintreePayPalIntegration/Preview Content\"";
				DEVELOPMENT_TEAM = 34LWUFWP82;
				ENABLE_PREVIEWS = YES;
				INFOPLIST_FILE = BraintreePayPalIntegration/Info.plist;
				IPHONEOS_DEPLOYMENT_TARGET = 14.0;
				LD_RUNPATH_SEARCH_PATHS = (
					"$(inherited)",
					"@executable_path/Frameworks",
				);
				PRODUCT_BUNDLE_IDENTIFIER = mx.antonio.labra.BraintreePayPalIntegration;
				PRODUCT_NAME = "$(TARGET_NAME)";
				SWIFT_VERSION = 5.0;
				TARGETED_DEVICE_FAMILY = "1,2";
			};
			name = Release;
		};
/* End XCBuildConfiguration section */

/* Begin XCConfigurationList section */
		421FF3A525BB969A00222E17 /* Build configuration list for PBXProject "BraintreePayPalIntegration" */ = {
			isa = XCConfigurationList;
			buildConfigurations = (
				421FF3B725BB969B00222E17 /* Debug */,
				421FF3B825BB969B00222E17 /* Release */,
			);
			defaultConfigurationIsVisible = 0;
			defaultConfigurationName = Release;
		};
		421FF3B925BB969B00222E17 /* Build configuration list for PBXNativeTarget "BraintreePayPalIntegration" */ = {
			isa = XCConfigurationList;
			buildConfigurations = (
				421FF3BA25BB969B00222E17 /* Debug */,
				421FF3BB25BB969B00222E17 /* Release */,
			);
			defaultConfigurationIsVisible = 0;
			defaultConfigurationName = Release;
		};
/* End XCConfigurationList section */
	};
	rootObject = 421FF3A225BB969A00222E17 /* Project object */;
}
